{
  "name": "mvcapplication",
  "version": "1.0.0",
  "lockfileVersion": 1,
  "requires": true,
  "dependencies": {
    "jquery": {
      "version": "3.5.1",
      "resolved": "https://registry.npmjs.org/jquery/-/jquery-3.5.1.tgz",
      "integrity": "sha512-XwIBPqcMn57FxfT+Go5pzySnm4KWkT1Tv7gjrpT1srtf8Weynl6R273VJ5GjkRb51IzMp5nbaPjJXMWeju2MKg==",
      "dev": true
    },
    "sweetalert2": {
      "version": "10.12.3",
      "resolved": "https://registry.npmjs.org/sweetalert2/-/sweetalert2-10.12.3.tgz",
      "integrity": "sha512-9TNCoWo44rbPBMDTKAq1cSIzY6aucfg4BoGC+BdWY+z6cq+DKShd+bJ0Gp/0nWkxBs/RYOkWM1cvWwdHh4erEA==",
      "dev": true
    },
    "typescript": {
      "version": "4.1.2",
      "resolved": "https://registry.npmjs.org/typescript/-/typescript-4.1.2.tgz",
      "integrity": "sha512-thGloWsGH3SOxv1SoY7QojKi0tc+8FnOmiarEGMbd/lar7QOEd3hvlx3Fp5y6FlDUGl9L+pd4n2e+oToGMmhRQ==",
      "dev": true
    }
  }
}
